
Microsoft Visual Studio Solution File, Format Version 12.00
# Visual Studio Version 16
VisualStudioVersion = 16.0.31205.134
MinimumVisualStudioVersion = 10.0.40219.1
Project("{FAE04EC0-301F-11D3-BF4B-00C04F79EFBC}") = "ExamView", "ExamView\ExamView.csproj", "{EC24D6BC-3BE2-4C61-983E-32F9732FC140}"
EndProject
Project("{FAE04EC0-301F-11D3-BF4B-00C04F79EFBC}") = "ExamBusinessLogic", "ExamBusinessLogic\ExamBusinessLogic.csproj", "{765A4A54-D464-48E3-ACD1-93A34680376E}"
EndProject
Project("{FAE04EC0-301F-11D3-BF4B-00C04F79EFBC}") = "ExamListImplement", "ExamListImplement\ExamListImplement.csproj", "{9D4ACA07-F9D1-4E68-B537-DFC872F2D54B}"
EndProject
Project("{FAE04EC0-301F-11D3-BF4B-00C04F79EFBC}") = "ExamDatabaseImplement", "ExamDatabaseImplement\ExamDatabaseImplement.csproj", "{865C3CF5-4373-4B32-9173-ED4AC89657E4}"
EndProject
Global
	GlobalSection(SolutionConfigurationPlatforms) = preSolution
		Debug|Any CPU = Debug|Any CPU
		Release|Any CPU = Release|Any CPU
	EndGlobalSection
	GlobalSection(ProjectConfigurationPlatforms) = postSolution
		{EC24D6BC-3BE2-4C61-983E-32F9732FC140}.Debug|Any CPU.ActiveCfg = Debug|Any CPU
		{EC24D6BC-3BE2-4C61-983E-32F9732FC140}.Debug|Any CPU.Build.0 = Debug|Any CPU
		{EC24D6BC-3BE2-4C61-983E-32F9732FC140}.Release|Any CPU.ActiveCfg = Release|Any CPU
		{EC24D6BC-3BE2-4C61-983E-32F9732FC140}.Release|Any CPU.Build.0 = Release|Any CPU
		{765A4A54-D464-48E3-ACD1-93A34680376E}.Debug|Any CPU.ActiveCfg = Debug|Any CPU
		{765A4A54-D464-48E3-ACD1-93A34680376E}.Debug|Any CPU.Build.0 = Debug|Any CPU
		{765A4A54-D464-48E3-ACD1-93A34680376E}.Release|Any CPU.ActiveCfg = Release|Any CPU
		{765A4A54-D464-48E3-ACD1-93A34680376E}.Release|Any CPU.Build.0 = Release|Any CPU
		{9D4ACA07-F9D1-4E68-B537-DFC872F2D54B}.Debug|Any CPU.ActiveCfg = Debug|Any CPU
		{9D4ACA07-F9D1-4E68-B537-DFC872F2D54B}.Debug|Any CPU.Build.0 = Debug|Any CPU
		{9D4ACA07-F9D1-4E68-B537-DFC872F2D54B}.Release|Any CPU.ActiveCfg = Release|Any CPU
		{9D4ACA07-F9D1-4E68-B537-DFC872F2D54B}.Release|Any CPU.Build.0 = Release|Any CPU
		{865C3CF5-4373-4B32-9173-ED4AC89657E4}.Debug|Any CPU.ActiveCfg = Debug|Any CPU
		{865C3CF5-4373-4B32-9173-ED4AC89657E4}.Debug|Any CPU.Build.0 = Debug|Any CPU
		{865C3CF5-4373-4B32-9173-ED4AC89657E4}.Release|Any CPU.ActiveCfg = Release|Any CPU
		{865C3CF5-4373-4B32-9173-ED4AC89657E4}.Release|Any CPU.Build.0 = Release|Any CPU
	EndGlobalSection
	GlobalSection(SolutionProperties) = preSolution
		HideSolutionNode = FALSE
	EndGlobalSection
	GlobalSection(ExtensibilityGlobals) = postSolution
		SolutionGuid = {AE164640-50AA-4AC1-A93D-45BC1515EAC5}
	EndGlobalSection
EndGlobal
